
Microsoft Visual Studio Solution File, Format Version 12.00
# Visual Studio 15
VisualStudioVersion = 15.0.28010.2050
MinimumVisualStudioVersion = 10.0.40219.1
Project("{FAE04EC0-301F-11D3-BF4B-00C04F79EFBC}") = "TestGenerator.Runner", "TestGenerator.Runner\TestGenerator.Runner.csproj", "{4735FB4C-E25F-49DC-AB32-75429F24FF4E}"
EndProject
Project("{FAE04EC0-301F-11D3-BF4B-00C04F79EFBC}") = "TestGenerator", "TestGenerator\TestGenerator.csproj", "{FE6B23E1-F278-4E09-96C6-1148CDFBD2EF}"
EndProject
Global
	GlobalSection(SolutionConfigurationPlatforms) = preSolution
		Debug|Any CPU = Debug|Any CPU
		Debug|x64 = Debug|x64
		Release|Any CPU = Release|Any CPU
		Release|x64 = Release|x64
	EndGlobalSection
	GlobalSection(ProjectConfigurationPlatforms) = postSolution
		{4735FB4C-E25F-49DC-AB32-75429F24FF4E}.Debug|Any CPU.ActiveCfg = Debug|Any CPU
		{4735FB4C-E25F-49DC-AB32-75429F24FF4E}.Debug|Any CPU.Build.0 = Debug|Any CPU
		{4735FB4C-E25F-49DC-AB32-75429F24FF4E}.Debug|x64.ActiveCfg = Debug|Any CPU
		{4735FB4C-E25F-49DC-AB32-75429F24FF4E}.Debug|x64.Build.0 = Debug|Any CPU
		{4735FB4C-E25F-49DC-AB32-75429F24FF4E}.Release|Any CPU.ActiveCfg = Release|Any CPU
		{4735FB4C-E25F-49DC-AB32-75429F24FF4E}.Release|Any CPU.Build.0 = Release|Any CPU
		{4735FB4C-E25F-49DC-AB32-75429F24FF4E}.Release|x64.ActiveCfg = Release|Any CPU
		{4735FB4C-E25F-49DC-AB32-75429F24FF4E}.Release|x64.Build.0 = Release|Any CPU
		{FE6B23E1-F278-4E09-96C6-1148CDFBD2EF}.Debug|Any CPU.ActiveCfg = Debug|Any CPU
		{FE6B23E1-F278-4E09-96C6-1148CDFBD2EF}.Debug|Any CPU.Build.0 = Debug|Any CPU
		{FE6B23E1-F278-4E09-96C6-1148CDFBD2EF}.Debug|x64.ActiveCfg = Debug|Any CPU
		{FE6B23E1-F278-4E09-96C6-1148CDFBD2EF}.Debug|x64.Build.0 = Debug|Any CPU
		{FE6B23E1-F278-4E09-96C6-1148CDFBD2EF}.Release|Any CPU.ActiveCfg = Release|Any CPU
		{FE6B23E1-F278-4E09-96C6-1148CDFBD2EF}.Release|Any CPU.Build.0 = Release|Any CPU
		{FE6B23E1-F278-4E09-96C6-1148CDFBD2EF}.Release|x64.ActiveCfg = Release|x64
		{FE6B23E1-F278-4E09-96C6-1148CDFBD2EF}.Release|x64.Build.0 = Release|x64
	EndGlobalSection
	GlobalSection(SolutionProperties) = preSolution
		HideSolutionNode = FALSE
	EndGlobalSection
	GlobalSection(ExtensibilityGlobals) = postSolution
		SolutionGuid = {CC36E737-B97D-4624-A3F2-784E175A53E6}
	EndGlobalSection
EndGlobal
